
Microsoft Visual Studio Solution File, Format Version 12.00
# Visual Studio Version 16
VisualStudioVersion = 16.0.29123.88
MinimumVisualStudioVersion = 10.0.40219.1
Project("{FAE04EC0-301F-11D3-BF4B-00C04F79EFBC}") = "DragonNestBoardQuest", "DragonNestBoardQuest\DragonNestBoardQuest.csproj", "{4721F3D0-A5DB-4B5B-AF81-3B1B0DAA1B3B}"
EndProject
Global
	GlobalSection(SolutionConfigurationPlatforms) = preSolution
		Debug|Any CPU = Debug|Any CPU
		Release|Any CPU = Release|Any CPU
	EndGlobalSection
	GlobalSection(ProjectConfigurationPlatforms) = postSolution
		{4721F3D0-A5DB-4B5B-AF81-3B1B0DAA1B3B}.Debug|Any CPU.ActiveCfg = Debug|Any CPU
		{4721F3D0-A5DB-4B5B-AF81-3B1B0DAA1B3B}.Debug|Any CPU.Build.0 = Debug|Any CPU
		{4721F3D0-A5DB-4B5B-AF81-3B1B0DAA1B3B}.Release|Any CPU.ActiveCfg = Release|Any CPU
		{4721F3D0-A5DB-4B5B-AF81-3B1B0DAA1B3B}.Release|Any CPU.Build.0 = Release|Any CPU
	EndGlobalSection
	GlobalSection(SolutionProperties) = preSolution
		HideSolutionNode = FALSE
	EndGlobalSection
	GlobalSection(ExtensibilityGlobals) = postSolution
		SolutionGuid = {DBB8D9B9-FF76-4999-A7CF-5458A2D840CA}
	EndGlobalSection
EndGlobal
